
Microsoft Visual Studio Solution File, Format Version 12.00
# Visual Studio Version 17
VisualStudioVersion = 17.4.33205.214
MinimumVisualStudioVersion = 10.0.40219.1
Project("{FAE04EC0-301F-11D3-BF4B-00C04F79EFBC}") = "NetpackGenerator", "NetpackGenerator\NetpackGenerator.csproj", "{0F478F82-9CAD-4353-AA8B-78E45593D63F}"
EndProject
Global
	GlobalSection(SolutionConfigurationPlatforms) = preSolution
		Debug|Any CPU = Debug|Any CPU
		Release|Any CPU = Release|Any CPU
	EndGlobalSection
	GlobalSection(ProjectConfigurationPlatforms) = postSolution
		{0F478F82-9CAD-4353-AA8B-78E45593D63F}.Debug|Any CPU.ActiveCfg = Debug|Any CPU
		{0F478F82-9CAD-4353-AA8B-78E45593D63F}.Debug|Any CPU.Build.0 = Debug|Any CPU
		{0F478F82-9CAD-4353-AA8B-78E45593D63F}.Release|Any CPU.ActiveCfg = Release|Any CPU
		{0F478F82-9CAD-4353-AA8B-78E45593D63F}.Release|Any CPU.Build.0 = Release|Any CPU
	EndGlobalSection
	GlobalSection(SolutionProperties) = preSolution
		HideSolutionNode = FALSE
	EndGlobalSection
	GlobalSection(ExtensibilityGlobals) = postSolution
		SolutionGuid = {62B01E49-EB94-4D3E-B1A8-355B5E5661DE}
	EndGlobalSection
EndGlobal
